
Microsoft Visual Studio Solution File, Format Version 12.00
# Visual Studio Version 17
VisualStudioVersion = 17.13.35825.156 d17.13
MinimumVisualStudioVersion = 10.0.40219.1
Project("{FAE04EC0-301F-11D3-BF4B-00C04F79EFBC}") = "4 - Percentual", "4 - Percentual.csproj", "{FBEF1850-9082-4495-A5C4-6490CDB76CAC}"
EndProject
Global
	GlobalSection(SolutionConfigurationPlatforms) = preSolution
		Debug|Any CPU = Debug|Any CPU
		Release|Any CPU = Release|Any CPU
	EndGlobalSection
	GlobalSection(ProjectConfigurationPlatforms) = postSolution
		{FBEF1850-9082-4495-A5C4-6490CDB76CAC}.Debug|Any CPU.ActiveCfg = Debug|Any CPU
		{FBEF1850-9082-4495-A5C4-6490CDB76CAC}.Debug|Any CPU.Build.0 = Debug|Any CPU
		{FBEF1850-9082-4495-A5C4-6490CDB76CAC}.Release|Any CPU.ActiveCfg = Release|Any CPU
		{FBEF1850-9082-4495-A5C4-6490CDB76CAC}.Release|Any CPU.Build.0 = Release|Any CPU
	EndGlobalSection
	GlobalSection(SolutionProperties) = preSolution
		HideSolutionNode = FALSE
	EndGlobalSection
	GlobalSection(ExtensibilityGlobals) = postSolution
		SolutionGuid = {E1553294-E107-4550-B692-C5A124248233}
	EndGlobalSection
EndGlobal
